
Microsoft Visual Studio Solution File, Format Version 12.00
# Visual Studio Version 16
VisualStudioVersion = 16.0.30309.148
MinimumVisualStudioVersion = 10.0.40219.1
Project("{FAE04EC0-301F-11D3-BF4B-00C04F79EFBC}") = "Text Editor", "Text Editor\Text Editor.csproj", "{CDC34DFE-4ECF-47A8-AE75-0F173AD0E995}"
EndProject
Global
	GlobalSection(SolutionConfigurationPlatforms) = preSolution
		Debug|Any CPU = Debug|Any CPU
		Release|Any CPU = Release|Any CPU
	EndGlobalSection
	GlobalSection(ProjectConfigurationPlatforms) = postSolution
		{CDC34DFE-4ECF-47A8-AE75-0F173AD0E995}.Debug|Any CPU.ActiveCfg = Debug|Any CPU
		{CDC34DFE-4ECF-47A8-AE75-0F173AD0E995}.Debug|Any CPU.Build.0 = Debug|Any CPU
		{CDC34DFE-4ECF-47A8-AE75-0F173AD0E995}.Release|Any CPU.ActiveCfg = Release|Any CPU
		{CDC34DFE-4ECF-47A8-AE75-0F173AD0E995}.Release|Any CPU.Build.0 = Release|Any CPU
	EndGlobalSection
	GlobalSection(SolutionProperties) = preSolution
		HideSolutionNode = FALSE
	EndGlobalSection
	GlobalSection(ExtensibilityGlobals) = postSolution
		SolutionGuid = {48932631-337E-48FA-9966-095870002AE4}
	EndGlobalSection
EndGlobal
